
Microsoft Visual Studio Solution File, Format Version 12.00
# Visual Studio Version 16
VisualStudioVersion = 16.0.33130.400
MinimumVisualStudioVersion = 10.0.40219.1
Project("{FAE04EC0-301F-11D3-BF4B-00C04F79EFBC}") = "KütüphaneOtomasyon", "KütüphaneOtomasyon\KütüphaneOtomasyon.csproj", "{D34ADEEC-1074-43AA-8114-5CF1D749C90C}"
EndProject
Global
	GlobalSection(SolutionConfigurationPlatforms) = preSolution
		Debug|Any CPU = Debug|Any CPU
		Release|Any CPU = Release|Any CPU
	EndGlobalSection
	GlobalSection(ProjectConfigurationPlatforms) = postSolution
		{D34ADEEC-1074-43AA-8114-5CF1D749C90C}.Debug|Any CPU.ActiveCfg = Debug|Any CPU
		{D34ADEEC-1074-43AA-8114-5CF1D749C90C}.Debug|Any CPU.Build.0 = Debug|Any CPU
		{D34ADEEC-1074-43AA-8114-5CF1D749C90C}.Release|Any CPU.ActiveCfg = Release|Any CPU
		{D34ADEEC-1074-43AA-8114-5CF1D749C90C}.Release|Any CPU.Build.0 = Release|Any CPU
	EndGlobalSection
	GlobalSection(SolutionProperties) = preSolution
		HideSolutionNode = FALSE
	EndGlobalSection
	GlobalSection(ExtensibilityGlobals) = postSolution
		SolutionGuid = {4F263A3A-1DF9-45C3-A134-9628F475E982}
	EndGlobalSection
EndGlobal
